// !$*UTF8*$!
{
	archiveVersion = 1;
	classes = {
	};
	objectVersion = 51;
	objects = {

/* Begin PBXBuildFile section */
		35ADEB189C6BD0C1A8717EDA /* Pods_YanikPerera_cobsccomp182p_007_YanikPerera_cobsccomp182p_007UITests.framework in Frameworks */ = {isa = PBXBuildFile; fileRef = 7201FDF765CBCD4C9FE0833C /* Pods_YanikPerera_cobsccomp182p_007_YanikPerera_cobsccomp182p_007UITests.framework */; };
		390CAA20240594A1009EE35D /* UiPostsViewController.swift in Sources */ = {isa = PBXBuildFile; fileRef = 390CAA1F240594A1009EE35D /* UiPostsViewController.swift */; };
		390F9BAA240C0D3B00F1E9CB /* UiTabDefaultViewController.swift in Sources */ = {isa = PBXBuildFile; fileRef = 390F9BA9240C0D3B00F1E9CB /* UiTabDefaultViewController.swift */; };
		3982675624025735000CA21A /* UiEventHomeViewController.swift in Sources */ = {isa = PBXBuildFile; fileRef = 3982675524025735000CA21A /* UiEventHomeViewController.swift */; };
		3996852023FE899700208EA3 /* User profile img.jpg in Resources */ = {isa = PBXBuildFile; fileRef = 3996851F23FE899700208EA3 /* User profile img.jpg */; };
		3996852223FED86500208EA3 /* UiTabHomeViewController.swift in Sources */ = {isa = PBXBuildFile; fileRef = 3996852123FED86500208EA3 /* UiTabHomeViewController.swift */; };
		3996852623FEEE6B00208EA3 /* UiTabBarHomeViewController.swift in Sources */ = {isa = PBXBuildFile; fileRef = 3996852523FEEE6B00208EA3 /* UiTabBarHomeViewController.swift */; };
		3996852823FF066900208EA3 /* UiTabProfileViewController.swift in Sources */ = {isa = PBXBuildFile; fileRef = 3996852723FF066900208EA3 /* UiTabProfileViewController.swift */; };
		3996852A23FF071100208EA3 /* UiTabCreateViewController.swift in Sources */ = {isa = PBXBuildFile; fileRef = 3996852923FF071100208EA3 /* UiTabCreateViewController.swift */; };
		39A91025240A515D0050BFDC /* Event.jpeg in Resources */ = {isa = PBXBuildFile; fileRef = 39A91024240A515D0050BFDC /* Event.jpeg */; };
		39A91027240A59210050BFDC /* Government_logo.jpeg in Resources */ = {isa = PBXBuildFile; fileRef = 39A91026240A59200050BFDC /* Government_logo.jpeg */; };
		39A91029240A5AB10050BFDC /* EventElephant.jpg in Resources */ = {isa = PBXBuildFile; fileRef = 39A91028240A5AB10050BFDC /* EventElephant.jpg */; };
		39A9102B240A68D70050BFDC /* events_bricks-825x510.jpg in Resources */ = {isa = PBXBuildFile; fileRef = 39A9102A240A68D70050BFDC /* events_bricks-825x510.jpg */; };
		39AA90C42405266E00D5FEEE /* add-image.png in Resources */ = {isa = PBXBuildFile; fileRef = 39AA90C32405266E00D5FEEE /* add-image.png */; };
		39AA90C7240586C400D5FEEE /* Event.swift in Sources */ = {isa = PBXBuildFile; fileRef = 39AA90C6240586C400D5FEEE /* Event.swift */; };
		39AA90CA240587BE00D5FEEE /* EventsTableViewCell.swift in Sources */ = {isa = PBXBuildFile; fileRef = 39AA90C9240587BE00D5FEEE /* EventsTableViewCell.swift */; };
		39C83013240C25AB001880CE /* ModelUnitTest.swift in Sources */ = {isa = PBXBuildFile; fileRef = 39C83012240C25AB001880CE /* ModelUnitTest.swift */; };
		39D6755623FF9CB10068D3E3 /* UiUserFTIdViewController.swift in Sources */ = {isa = PBXBuildFile; fileRef = 39D6755523FF9CB10068D3E3 /* UiUserFTIdViewController.swift */; };
		39D8EF962402CED800F38959 /* location.jpg in Resources */ = {isa = PBXBuildFile; fileRef = 39D8EF952402CED800F38959 /* location.jpg */; };
		39D8EF982402E76700F38959 /* UiTabHomeTableViewCell.swift in Sources */ = {isa = PBXBuildFile; fileRef = 39D8EF972402E76700F38959 /* UiTabHomeTableViewCell.swift */; };
		39D8EF9A2402E8E400F38959 /* ArtistModel.swift in Sources */ = {isa = PBXBuildFile; fileRef = 39D8EF992402E8E400F38959 /* ArtistModel.swift */; };
		39FA37A623FE4EC6007048AC /* AppDelegate.swift in Sources */ = {isa = PBXBuildFile; fileRef = 39FA37A523FE4EC6007048AC /* AppDelegate.swift */; };
		39FA37A823FE4EC6007048AC /* ViewController.swift in Sources */ = {isa = PBXBuildFile; fileRef = 39FA37A723FE4EC6007048AC /* ViewController.swift */; };
		39FA37AB23FE4EC6007048AC /* Main.storyboard in Resources */ = {isa = PBXBuildFile; fileRef = 39FA37A923FE4EC6007048AC /* Main.storyboard */; };
		39FA37AD23FE4EC7007048AC /* Assets.xcassets in Resources */ = {isa = PBXBuildFile; fileRef = 39FA37AC23FE4EC7007048AC /* Assets.xcassets */; };
		39FA37B023FE4EC7007048AC /* LaunchScreen.storyboard in Resources */ = {isa = PBXBuildFile; fileRef = 39FA37AE23FE4EC7007048AC /* LaunchScreen.storyboard */; };
		39FA37BB23FE4EC7007048AC /* YanikPerera_cobsccomp182p_007Tests.swift in Sources */ = {isa = PBXBuildFile; fileRef = 39FA37BA23FE4EC7007048AC /* YanikPerera_cobsccomp182p_007Tests.swift */; };
		39FA37C623FE4EC7007048AC /* YanikPerera_cobsccomp182p_007UITests.swift in Sources */ = {isa = PBXBuildFile; fileRef = 39FA37C523FE4EC7007048AC /* YanikPerera_cobsccomp182p_007UITests.swift */; };
		39FA37D423FE50D0007048AC /* GoogleService-Info.plist in Resources */ = {isa = PBXBuildFile; fileRef = 39FA37D323FE50D0007048AC /* GoogleService-Info.plist */; };
		39FA37DA23FE667C007048AC /* NIBM-Logo.jpg in Resources */ = {isa = PBXBuildFile; fileRef = 39FA37D923FE667C007048AC /* NIBM-Logo.jpg */; };
		39FA37DC23FE6686007048AC /* touch-id_img.png in Resources */ = {isa = PBXBuildFile; fileRef = 39FA37DB23FE6686007048AC /* touch-id_img.png */; };
		39FA37DE23FE66B1007048AC /* face-id-img.png in Resources */ = {isa = PBXBuildFile; fileRef = 39FA37DD23FE66B1007048AC /* face-id-img.png */; };
		39FA37E023FE6D6E007048AC /* AlertFunction.swift in Sources */ = {isa = PBXBuildFile; fileRef = 39FA37DF23FE6D6E007048AC /* AlertFunction.swift */; };
		39FA37E223FE6D98007048AC /* ValidateFields.swift in Sources */ = {isa = PBXBuildFile; fileRef = 39FA37E123FE6D98007048AC /* ValidateFields.swift */; };
		39FA37E623FE6E45007048AC /* UiUserRegisterViewController.swift in Sources */ = {isa = PBXBuildFile; fileRef = 39FA37E523FE6E45007048AC /* UiUserRegisterViewController.swift */; };
		39FA37E823FE6E63007048AC /* UiUserLoginViewController.swift in Sources */ = {isa = PBXBuildFile; fileRef = 39FA37E723FE6E63007048AC /* UiUserLoginViewController.swift */; };
		39FF40622408399B0068FCF8 /* Utility.swift in Sources */ = {isa = PBXBuildFile; fileRef = 39FF40612408399B0068FCF8 /* Utility.swift */; };
		3A32E18FD200BD313E55D861 /* Pods_YanikPerera_cobsccomp182p_007.framework in Frameworks */ = {isa = PBXBuildFile; fileRef = CE5B0F96CFBC7961FC0BF5E1 /* Pods_YanikPerera_cobsccomp182p_007.framework */; };
		DD540C3E5692FD6BC7260369 /* Pods_YanikPerera_cobsccomp182p_007Tests.framework in Frameworks */ = {isa = PBXBuildFile; fileRef = E9E5035CCBEA46CF34DFB38D /* Pods_YanikPerera_cobsccomp182p_007Tests.framework */; };
/* End PBXBuildFile section */

/* Begin PBXContainerItemProxy section */
		39FA37B723FE4EC7007048AC /* PBXContainerItemProxy */ = {
			isa = PBXContainerItemProxy;
			containerPortal = 39FA379A23FE4EC6007048AC /* Project object */;
			proxyType = 1;
			remoteGlobalIDString = 39FA37A123FE4EC6007048AC;
			remoteInfo = "YanikPerera-cobsccomp182p-007";
		};
		39FA37C223FE4EC7007048AC /* PBXContainerItemProxy */ = {
			isa = PBXContainerItemProxy;
			containerPortal = 39FA379A23FE4EC6007048AC /* Project object */;
			proxyType = 1;
			remoteGlobalIDString = 39FA37A123FE4EC6007048AC;
			remoteInfo = "YanikPerera-cobsccomp182p-007";
		};
/* End PBXContainerItemProxy section */

/* Begin PBXFileReference section */
		23FFFED57F720379BE0C00C7 /* Pods-YanikPerera-cobsccomp182p-007-YanikPerera-cobsccomp182p-007UITests.release.xcconfig */ = {isa = PBXFileReference; includeInIndex = 1; lastKnownFileType = text.xcconfig; name = "Pods-YanikPerera-cobsccomp182p-007-YanikPerera-cobsccomp182p-007UITests.release.xcconfig"; path = "Target Support Files/Pods-YanikPerera-cobsccomp182p-007-YanikPerera-cobsccomp182p-007UITests/Pods-YanikPerera-cobsccomp182p-007-YanikPerera-cobsccomp182p-007UITests.release.xcconfig"; sourceTree = "<group>"; };
		390CAA1F240594A1009EE35D /* UiPostsViewController.swift */ = {isa = PBXFileReference; lastKnownFileType = sourcecode.swift; path = UiPostsViewController.swift; sourceTree = "<group>"; };
		390F9BA9240C0D3B00F1E9CB /* UiTabDefaultViewController.swift */ = {isa = PBXFileReference; lastKnownFileType = sourcecode.swift; path = UiTabDefaultViewController.swift; sourceTree = "<group>"; };
		3982675524025735000CA21A /* UiEventHomeViewController.swift */ = {isa = PBXFileReference; lastKnownFileType = sourcecode.swift; path = UiEventHomeViewController.swift; sourceTree = "<group>"; };
		3996851F23FE899700208EA3 /* User profile img.jpg */ = {isa = PBXFileReference; lastKnownFileType = image.jpeg; path = "User profile img.jpg"; sourceTree = "<group>"; };
		3996852123FED86500208EA3 /* UiTabHomeViewController.swift */ = {isa = PBXFileReference; lastKnownFileType = sourcecode.swift; path = UiTabHomeViewController.swift; sourceTree = "<group>"; };
		3996852523FEEE6B00208EA3 /* UiTabBarHomeViewController.swift */ = {isa = PBXFileReference; lastKnownFileType = sourcecode.swift; path = UiTabBarHomeViewController.swift; sourceTree = "<group>"; };
		3996852723FF066900208EA3 /* UiTabProfileViewController.swift */ = {isa = PBXFileReference; lastKnownFileType = sourcecode.swift; path = UiTabProfileViewController.swift; sourceTree = "<group>"; };
		3996852923FF071100208EA3 /* UiTabCreateViewController.swift */ = {isa = PBXFileReference; lastKnownFileType = sourcecode.swift; path = UiTabCreateViewController.swift; sourceTree = "<group>"; };
		39A91024240A515D0050BFDC /* Event.jpeg */ = {isa = PBXFileReference; lastKnownFileType = image.jpeg; path = Event.jpeg; sourceTree = "<group>"; };
		39A91026240A59200050BFDC /* Government_logo.jpeg */ = {isa = PBXFileReference; lastKnownFileType = image.jpeg; path = Government_logo.jpeg; sourceTree = "<group>"; };
		39A91028240A5AB10050BFDC /* EventElephant.jpg */ = {isa = PBXFileReference; lastKnownFileType = image.jpeg; path = EventElephant.jpg; sourceTree = "<group>"; };
		39A9102A240A68D70050BFDC /* events_bricks-825x510.jpg */ = {isa = PBXFileReference; lastKnownFileType = image.jpeg; path = "events_bricks-825x510.jpg"; sourceTree = "<group>"; };
		39AA90C32405266E00D5FEEE /* add-image.png */ = {isa = PBXFileReference; lastKnownFileType = image.png; path = "add-image.png"; sourceTree = "<group>"; };
		39AA90C6240586C400D5FEEE /* Event.swift */ = {isa = PBXFileReference; lastKnownFileType = sourcecode.swift; path = Event.swift; sourceTree = "<group>"; };
		39AA90C9240587BE00D5FEEE /* EventsTableViewCell.swift */ = {isa = PBXFileReference; lastKnownFileType = sourcecode.swift; path = EventsTableViewCell.swift; sourceTree = "<group>"; };
		39C83012240C25AB001880CE /* ModelUnitTest.swift */ = {isa = PBXFileReference; lastKnownFileType = sourcecode.swift; path = ModelUnitTest.swift; sourceTree = "<group>"; };
		39D6755523FF9CB10068D3E3 /* UiUserFTIdViewController.swift */ = {isa = PBXFileReference; lastKnownFileType = sourcecode.swift; path = UiUserFTIdViewController.swift; sourceTree = "<group>"; };
		39D8EF952402CED800F38959 /* location.jpg */ = {isa = PBXFileReference; lastKnownFileType = image.jpeg; path = location.jpg; sourceTree = "<group>"; };
		39D8EF972402E76700F38959 /* UiTabHomeTableViewCell.swift */ = {isa = PBXFileReference; lastKnownFileType = sourcecode.swift; path = UiTabHomeTableViewCell.swift; sourceTree = "<group>"; };
		39D8EF992402E8E400F38959 /* ArtistModel.swift */ = {isa = PBXFileReference; lastKnownFileType = sourcecode.swift; path = ArtistModel.swift; sourceTree = "<group>"; };
		39FA37A223FE4EC6007048AC /* YanikPerera-cobsccomp182p-007.app */ = {isa = PBXFileReference; explicitFileType = wrapper.application; includeInIndex = 0; path = "YanikPerera-cobsccomp182p-007.app"; sourceTree = BUILT_PRODUCTS_DIR; };
		39FA37A523FE4EC6007048AC /* AppDelegate.swift */ = {isa = PBXFileReference; lastKnownFileType = sourcecode.swift; path = AppDelegate.swift; sourceTree = "<group>"; };
		39FA37A723FE4EC6007048AC /* ViewController.swift */ = {isa = PBXFileReference; lastKnownFileType = sourcecode.swift; path = ViewController.swift; sourceTree = "<group>"; };
		39FA37AA23FE4EC6007048AC /* Base */ = {isa = PBXFileReference; lastKnownFileType = file.storyboard; name = Base; path = Base.lproj/Main.storyboard; sourceTree = "<group>"; };
		39FA37AC23FE4EC7007048AC /* Assets.xcassets */ = {isa = PBXFileReference; lastKnownFileType = folder.assetcatalog; path = Assets.xcassets; sourceTree = "<group>"; };
		39FA37AF23FE4EC7007048AC /* Base */ = {isa = PBXFileReference; lastKnownFileType = file.storyboard; name = Base; path = Base.lproj/LaunchScreen.storyboard; sourceTree = "<group>"; };
		39FA37B123FE4EC7007048AC /* Info.plist */ = {isa = PBXFileReference; lastKnownFileType = text.plist.xml; path = Info.plist; sourceTree = "<group>"; };
		39FA37B623FE4EC7007048AC /* YanikPerera-cobsccomp182p-007Tests.xctest */ = {isa = PBXFileReference; explicitFileType = wrapper.cfbundle; includeInIndex = 0; path = "YanikPerera-cobsccomp182p-007Tests.xctest"; sourceTree = BUILT_PRODUCTS_DIR; };
		39FA37BA23FE4EC7007048AC /* YanikPerera_cobsccomp182p_007Tests.swift */ = {isa = PBXFileReference; lastKnownFileType = sourcecode.swift; path = YanikPerera_cobsccomp182p_007Tests.swift; sourceTree = "<group>"; };
		39FA37BC23FE4EC7007048AC /* Info.plist */ = {isa = PBXFileReference; lastKnownFileType = text.plist.xml; path = Info.plist; sourceTree = "<group>"; };
		39FA37C123FE4EC7007048AC /* YanikPerera-cobsccomp182p-007UITests.xctest */ = {isa = PBXFileReference; explicitFileType = wrapper.cfbundle; includeInIndex = 0; path = "YanikPerera-cobsccomp182p-007UITests.xctest"; sourceTree = BUILT_PRODUCTS_DIR; };
		39FA37C523FE4EC7007048AC /* YanikPerera_cobsccomp182p_007UITests.swift */ = {isa = PBXFileReference; lastKnownFileType = sourcecode.swift; path = YanikPerera_cobsccomp182p_007UITests.swift; sourceTree = "<group>"; };
		39FA37C723FE4EC7007048AC /* Info.plist */ = {isa = PBXFileReference; lastKnownFileType = text.plist.xml; path = Info.plist; sourceTree = "<group>"; };
		39FA37D323FE50D0007048AC /* GoogleService-Info.plist */ = {isa = PBXFileReference; fileEncoding = 4; lastKnownFileType = text.plist.xml; path = "GoogleService-Info.plist"; sourceTree = "<group>"; };
		39FA37D923FE667C007048AC /* NIBM-Logo.jpg */ = {isa = PBXFileReference; lastKnownFileType = image.jpeg; path = "NIBM-Logo.jpg"; sourceTree = "<group>"; };
		39FA37DB23FE6686007048AC /* touch-id_img.png */ = {isa = PBXFileReference; lastKnownFileType = image.png; path = "touch-id_img.png"; sourceTree = "<group>"; };
		39FA37DD23FE66B1007048AC /* face-id-img.png */ = {isa = PBXFileReference; lastKnownFileType = image.png; path = "face-id-img.png"; sourceTree = "<group>"; };
		39FA37DF23FE6D6E007048AC /* AlertFunction.swift */ = {isa = PBXFileReference; lastKnownFileType = sourcecode.swift; path = AlertFunction.swift; sourceTree = "<group>"; };
		39FA37E123FE6D98007048AC /* ValidateFields.swift */ = {isa = PBXFileReference; lastKnownFileType = sourcecode.swift; path = ValidateFields.swift; sourceTree = "<group>"; };
		39FA37E523FE6E45007048AC /* UiUserRegisterViewController.swift */ = {isa = PBXFileReference; lastKnownFileType = sourcecode.swift; path = UiUserRegisterViewController.swift; sourceTree = "<group>"; };
		39FA37E723FE6E63007048AC /* UiUserLoginViewController.swift */ = {isa = PBXFileReference; lastKnownFileType = sourcecode.swift; path = UiUserLoginViewController.swift; sourceTree = "<group>"; };
		39FF40612408399B0068FCF8 /* Utility.swift */ = {isa = PBXFileReference; lastKnownFileType = sourcecode.swift; path = Utility.swift; sourceTree = "<group>"; };
		7201FDF765CBCD4C9FE0833C /* Pods_YanikPerera_cobsccomp182p_007_YanikPerera_cobsccomp182p_007UITests.framework */ = {isa = PBXFileReference; explicitFileType = wrapper.framework; includeInIndex = 0; path = Pods_YanikPerera_cobsccomp182p_007_YanikPerera_cobsccomp182p_007UITests.framework; sourceTree = BUILT_PRODUCTS_DIR; };
		935851D72801132537012D1C /* Pods-YanikPerera-cobsccomp182p-007.release.xcconfig */ = {isa = PBXFileReference; includeInIndex = 1; lastKnownFileType = text.xcconfig; name = "Pods-YanikPerera-cobsccomp182p-007.release.xcconfig"; path = "Target Support Files/Pods-YanikPerera-cobsccomp182p-007/Pods-YanikPerera-cobsccomp182p-007.release.xcconfig"; sourceTree = "<group>"; };
		ABD85BF55F1E93C40E5C25F4 /* Pods-YanikPerera-cobsccomp182p-007Tests.debug.xcconfig */ = {isa = PBXFileReference; includeInIndex = 1; lastKnownFileType = text.xcconfig; name = "Pods-YanikPerera-cobsccomp182p-007Tests.debug.xcconfig"; path = "Target Support Files/Pods-YanikPerera-cobsccomp182p-007Tests/Pods-YanikPerera-cobsccomp182p-007Tests.debug.xcconfig"; sourceTree = "<group>"; };
		CE5B0F96CFBC7961FC0BF5E1 /* Pods_YanikPerera_cobsccomp182p_007.framework */ = {isa = PBXFileReference; explicitFileType = wrapper.framework; includeInIndex = 0; path = Pods_YanikPerera_cobsccomp182p_007.framework; sourceTree = BUILT_PRODUCTS_DIR; };
		D069AB362A287295B52B0553 /* Pods-YanikPerera-cobsccomp182p-007.debug.xcconfig */ = {isa = PBXFileReference; includeInIndex = 1; lastKnownFileType = text.xcconfig; name = "Pods-YanikPerera-cobsccomp182p-007.debug.xcconfig"; path = "Target Support Files/Pods-YanikPerera-cobsccomp182p-007/Pods-YanikPerera-cobsccomp182p-007.debug.xcconfig"; sourceTree = "<group>"; };
		E88B40CD21D399885943ED58 /* Pods-YanikPerera-cobsccomp182p-007-YanikPerera-cobsccomp182p-007UITests.debug.xcconfig */ = {isa = PBXFileReference; includeInIndex = 1; lastKnownFileType = text.xcconfig; name = "Pods-YanikPerera-cobsccomp182p-007-YanikPerera-cobsccomp182p-007UITests.debug.xcconfig"; path = "Target Support Files/Pods-YanikPerera-cobsccomp182p-007-YanikPerera-cobsccomp182p-007UITests/Pods-YanikPerera-cobsccomp182p-007-YanikPerera-cobsccomp182p-007UITests.debug.xcconfig"; sourceTree = "<group>"; };
		E9E5035CCBEA46CF34DFB38D /* Pods_YanikPerera_cobsccomp182p_007Tests.framework */ = {isa = PBXFileReference; explicitFileType = wrapper.framework; includeInIndex = 0; path = Pods_YanikPerera_cobsccomp182p_007Tests.framework; sourceTree = BUILT_PRODUCTS_DIR; };
		F1A03C44D59F559C219A7E3A /* Pods-YanikPerera-cobsccomp182p-007Tests.release.xcconfig */ = {isa = PBXFileReference; includeInIndex = 1; lastKnownFileType = text.xcconfig; name = "Pods-YanikPerera-cobsccomp182p-007Tests.release.xcconfig"; path = "Target Support Files/Pods-YanikPerera-cobsccomp182p-007Tests/Pods-YanikPerera-cobsccomp182p-007Tests.release.xcconfig"; sourceTree = "<group>"; };
/* End PBXFileReference section */

/* Begin PBXFrameworksBuildPhase section */
		39FA379F23FE4EC6007048AC /* Frameworks */ = {
			isa = PBXFrameworksBuildPhase;
			buildActionMask = 2147483647;
			files = (
				3A32E18FD200BD313E55D861 /* Pods_YanikPerera_cobsccomp182p_007.framework in Frameworks */,
			);
			runOnlyForDeploymentPostprocessing = 0;
		};
		39FA37B323FE4EC7007048AC /* Frameworks */ = {
			isa = PBXFrameworksBuildPhase;
			buildActionMask = 2147483647;
			files = (
				DD540C3E5692FD6BC7260369 /* Pods_YanikPerera_cobsccomp182p_007Tests.framework in Frameworks */,
			);
			runOnlyForDeploymentPostprocessing = 0;
		};
		39FA37BE23FE4EC7007048AC /* Frameworks */ = {
			isa = PBXFrameworksBuildPhase;
			buildActionMask = 2147483647;
			files = (
				35ADEB189C6BD0C1A8717EDA /* Pods_YanikPerera_cobsccomp182p_007_YanikPerera_cobsccomp182p_007UITests.framework in Frameworks */,
			);
			runOnlyForDeploymentPostprocessing = 0;
		};
/* End PBXFrameworksBuildPhase section */

/* Begin PBXGroup section */
		39AA90C52405869600D5FEEE /* Model */ = {
			isa = PBXGroup;
			children = (
				39AA90C6240586C400D5FEEE /* Event.swift */,
			);
			path = Model;
			sourceTree = "<group>";
		};
		39AA90C82405876D00D5FEEE /* UItableviewcell */ = {
			isa = PBXGroup;
			children = (
				39AA90C9240587BE00D5FEEE /* EventsTableViewCell.swift */,
			);
			path = UItableviewcell;
			sourceTree = "<group>";
		};
		39FA379923FE4EC6007048AC = {
			isa = PBXGroup;
			children = (
				39FA37A423FE4EC6007048AC /* YanikPerera-cobsccomp182p-007 */,
				39FA37B923FE4EC7007048AC /* YanikPerera-cobsccomp182p-007Tests */,
				39FA37C423FE4EC7007048AC /* YanikPerera-cobsccomp182p-007UITests */,
				39FA37A323FE4EC6007048AC /* Products */,
				854F9C718F66D12ACB9E0F4B /* Pods */,
				675F2B3A6B0D776BCCD2160B /* Frameworks */,
			);
			sourceTree = "<group>";
		};
		39FA37A323FE4EC6007048AC /* Products */ = {
			isa = PBXGroup;
			children = (
				39FA37A223FE4EC6007048AC /* YanikPerera-cobsccomp182p-007.app */,
				39FA37B623FE4EC7007048AC /* YanikPerera-cobsccomp182p-007Tests.xctest */,
				39FA37C123FE4EC7007048AC /* YanikPerera-cobsccomp182p-007UITests.xctest */,
			);
			name = Products;
			sourceTree = "<group>";
		};
		39FA37A423FE4EC6007048AC /* YanikPerera-cobsccomp182p-007 */ = {
			isa = PBXGroup;
			children = (
				39FF40602408397B0068FCF8 /* Styles */,
				39AA90C82405876D00D5FEEE /* UItableviewcell */,
				39AA90C52405869600D5FEEE /* Model */,
				39FA37D823FE632D007048AC /* Images */,
				39FA37D723FE6315007048AC /* UIViewController */,
				39FA37D623FE62F2007048AC /* OtherFunctionController */,
				39FA37A523FE4EC6007048AC /* AppDelegate.swift */,
				39FA37A723FE4EC6007048AC /* ViewController.swift */,
				39FA37A923FE4EC6007048AC /* Main.storyboard */,
				39D8EF992402E8E400F38959 /* ArtistModel.swift */,
				39D8EF972402E76700F38959 /* UiTabHomeTableViewCell.swift */,
				39FA37AC23FE4EC7007048AC /* Assets.xcassets */,
				39FA37AE23FE4EC7007048AC /* LaunchScreen.storyboard */,
				39FA37B123FE4EC7007048AC /* Info.plist */,
				39FA37D323FE50D0007048AC /* GoogleService-Info.plist */,
				3996852523FEEE6B00208EA3 /* UiTabBarHomeViewController.swift */,
			);
			path = "YanikPerera-cobsccomp182p-007";
			sourceTree = "<group>";
		};
		39FA37B923FE4EC7007048AC /* YanikPerera-cobsccomp182p-007Tests */ = {
			isa = PBXGroup;
			children = (
				39FA37BA23FE4EC7007048AC /* YanikPerera_cobsccomp182p_007Tests.swift */,
				39FA37BC23FE4EC7007048AC /* Info.plist */,
				39C83012240C25AB001880CE /* ModelUnitTest.swift */,
			);
			path = "YanikPerera-cobsccomp182p-007Tests";
			sourceTree = "<group>";
		};
		39FA37C423FE4EC7007048AC /* YanikPerera-cobsccomp182p-007UITests */ = {
			isa = PBXGroup;
			children = (
				39FA37C523FE4EC7007048AC /* YanikPerera_cobsccomp182p_007UITests.swift */,
				39FA37C723FE4EC7007048AC /* Info.plist */,
			);
			path = "YanikPerera-cobsccomp182p-007UITests";
			sourceTree = "<group>";
		};
		39FA37D623FE62F2007048AC /* OtherFunctionController */ = {
			isa = PBXGroup;
			children = (
				39FA37DF23FE6D6E007048AC /* AlertFunction.swift */,
				39FA37E123FE6D98007048AC /* ValidateFields.swift */,
			);
			path = OtherFunctionController;
			sourceTree = "<group>";
		};
		39FA37D723FE6315007048AC /* UIViewController */ = {
			isa = PBXGroup;
			children = (
				39FA37E523FE6E45007048AC /* UiUserRegisterViewController.swift */,
				39FA37E723FE6E63007048AC /* UiUserLoginViewController.swift */,
				3996852123FED86500208EA3 /* UiTabHomeViewController.swift */,
				3996852723FF066900208EA3 /* UiTabProfileViewController.swift */,
				3996852923FF071100208EA3 /* UiTabCreateViewController.swift */,
				39D6755523FF9CB10068D3E3 /* UiUserFTIdViewController.swift */,
				3982675524025735000CA21A /* UiEventHomeViewController.swift */,
				390CAA1F240594A1009EE35D /* UiPostsViewController.swift */,
				390F9BA9240C0D3B00F1E9CB /* UiTabDefaultViewController.swift */,
			);
			path = UIViewController;
			sourceTree = "<group>";
		};
		39FA37D823FE632D007048AC /* Images */ = {
			isa = PBXGroup;
			children = (
				39FA37D923FE667C007048AC /* NIBM-Logo.jpg */,
				39AA90C32405266E00D5FEEE /* add-image.png */,
				39D8EF952402CED800F38959 /* location.jpg */,
				39A91024240A515D0050BFDC /* Event.jpeg */,
				39A9102A240A68D70050BFDC /* events_bricks-825x510.jpg */,
				39A91026240A59200050BFDC /* Government_logo.jpeg */,
				3996851F23FE899700208EA3 /* User profile img.jpg */,
				39A91028240A5AB10050BFDC /* EventElephant.jpg */,
				39FA37DB23FE6686007048AC /* touch-id_img.png */,
				39FA37DD23FE66B1007048AC /* face-id-img.png */,
			);
			path = Images;
			sourceTree = "<group>";
		};
		39FF40602408397B0068FCF8 /* Styles */ = {
			isa = PBXGroup;
			children = (
				39FF40612408399B0068FCF8 /* Utility.swift */,
			);
			path = Styles;
			sourceTree = "<group>";
		};
		675F2B3A6B0D776BCCD2160B /* Frameworks */ = {
			isa = PBXGroup;
			children = (
				CE5B0F96CFBC7961FC0BF5E1 /* Pods_YanikPerera_cobsccomp182p_007.framework */,
				7201FDF765CBCD4C9FE0833C /* Pods_YanikPerera_cobsccomp182p_007_YanikPerera_cobsccomp182p_007UITests.framework */,
				E9E5035CCBEA46CF34DFB38D /* Pods_YanikPerera_cobsccomp182p_007Tests.framework */,
			);
			name = Frameworks;
			sourceTree = "<group>";
		};
		854F9C718F66D12ACB9E0F4B /* Pods */ = {
			isa = PBXGroup;
			children = (
				D069AB362A287295B52B0553 /* Pods-YanikPerera-cobsccomp182p-007.debug.xcconfig */,
				935851D72801132537012D1C /* Pods-YanikPerera-cobsccomp182p-007.release.xcconfig */,
				E88B40CD21D399885943ED58 /* Pods-YanikPerera-cobsccomp182p-007-YanikPerera-cobsccomp182p-007UITests.debug.xcconfig */,
				23FFFED57F720379BE0C00C7 /* Pods-YanikPerera-cobsccomp182p-007-YanikPerera-cobsccomp182p-007UITests.release.xcconfig */,
				ABD85BF55F1E93C40E5C25F4 /* Pods-YanikPerera-cobsccomp182p-007Tests.debug.xcconfig */,
				F1A03C44D59F559C219A7E3A /* Pods-YanikPerera-cobsccomp182p-007Tests.release.xcconfig */,
			);
			path = Pods;
			sourceTree = "<group>";
		};
/* End PBXGroup section */

/* Begin PBXNativeTarget section */
		39FA37A123FE4EC6007048AC /* YanikPerera-cobsccomp182p-007 */ = {
			isa = PBXNativeTarget;
			buildConfigurationList = 39FA37CA23FE4EC7007048AC /* Build configuration list for PBXNativeTarget "YanikPerera-cobsccomp182p-007" */;
			buildPhases = (
				0005F51B28971979098A21B9 /* [CP] Check Pods Manifest.lock */,
				39FA379E23FE4EC6007048AC /* Sources */,
				39FA379F23FE4EC6007048AC /* Frameworks */,
				39FA37A023FE4EC6007048AC /* Resources */,
				32D0EED164AB2507FDC33B55 /* [CP] Embed Pods Frameworks */,
			);
			buildRules = (
			);
			dependencies = (
			);
			name = "YanikPerera-cobsccomp182p-007";
			productName = "YanikPerera-cobsccomp182p-007";
			productReference = 39FA37A223FE4EC6007048AC /* YanikPerera-cobsccomp182p-007.app */;
			productType = "com.apple.product-type.application";
		};
		39FA37B523FE4EC7007048AC /* YanikPerera-cobsccomp182p-007Tests */ = {
			isa = PBXNativeTarget;
			buildConfigurationList = 39FA37CD23FE4EC7007048AC /* Build configuration list for PBXNativeTarget "YanikPerera-cobsccomp182p-007Tests" */;
			buildPhases = (
				385D2D22136FD063343DDDDC /* [CP] Check Pods Manifest.lock */,
				39FA37B223FE4EC7007048AC /* Sources */,
				39FA37B323FE4EC7007048AC /* Frameworks */,
				39FA37B423FE4EC7007048AC /* Resources */,
			);
			buildRules = (
			);
			dependencies = (
				39FA37B823FE4EC7007048AC /* PBXTargetDependency */,
			);
			name = "YanikPerera-cobsccomp182p-007Tests";
			productName = "YanikPerera-cobsccomp182p-007Tests";
			productReference = 39FA37B623FE4EC7007048AC /* YanikPerera-cobsccomp182p-007Tests.xctest */;
			productType = "com.apple.product-type.bundle.unit-test";
		};
		39FA37C023FE4EC7007048AC /* YanikPerera-cobsccomp182p-007UITests */ = {
			isa = PBXNativeTarget;
			buildConfigurationList = 39FA37D023FE4EC7007048AC /* Build configuration list for PBXNativeTarget "YanikPerera-cobsccomp182p-007UITests" */;
			buildPhases = (
				2B5C189FA9DF8F5356476C56 /* [CP] Check Pods Manifest.lock */,
				39FA37BD23FE4EC7007048AC /* Sources */,
				39FA37BE23FE4EC7007048AC /* Frameworks */,
				39FA37BF23FE4EC7007048AC /* Resources */,
				D5711270C8F91A73A0D566BF /* [CP] Embed Pods Frameworks */,
			);
			buildRules = (
			);
			dependencies = (
				39FA37C323FE4EC7007048AC /* PBXTargetDependency */,
			);
			name = "YanikPerera-cobsccomp182p-007UITests";
			productName = "YanikPerera-cobsccomp182p-007UITests";
			productReference = 39FA37C123FE4EC7007048AC /* YanikPerera-cobsccomp182p-007UITests.xctest */;
			productType = "com.apple.product-type.bundle.ui-testing";
		};
/* End PBXNativeTarget section */

/* Begin PBXProject section */
		39FA379A23FE4EC6007048AC /* Project object */ = {
			isa = PBXProject;
			attributes = {
				LastSwiftUpdateCheck = 1030;
				LastUpgradeCheck = 1030;
				ORGANIZATIONNAME = "Yanik Perera";
				TargetAttributes = {
					39FA37A123FE4EC6007048AC = {
						CreatedOnToolsVersion = 10.3;
					};
					39FA37B523FE4EC7007048AC = {
						CreatedOnToolsVersion = 10.3;
						TestTargetID = 39FA37A123FE4EC6007048AC;
					};
					39FA37C023FE4EC7007048AC = {
						CreatedOnToolsVersion = 10.3;
						TestTargetID = 39FA37A123FE4EC6007048AC;
					};
				};
			};
			buildConfigurationList = 39FA379D23FE4EC6007048AC /* Build configuration list for PBXProject "YanikPerera-cobsccomp182p-007" */;
			compatibilityVersion = "Xcode 9.3";
			developmentRegion = en;
			hasScannedForEncodings = 0;
			knownRegions = (
				en,
				Base,
			);
			mainGroup = 39FA379923FE4EC6007048AC;
			productRefGroup = 39FA37A323FE4EC6007048AC /* Products */;
			projectDirPath = "";
			projectRoot = "";
			targets = (
				39FA37A123FE4EC6007048AC /* YanikPerera-cobsccomp182p-007 */,
				39FA37B523FE4EC7007048AC /* YanikPerera-cobsccomp182p-007Tests */,
				39FA37C023FE4EC7007048AC /* YanikPerera-cobsccomp182p-007UITests */,
			);
		};
/* End PBXProject section */

/* Begin PBXResourcesBuildPhase section */
		39FA37A023FE4EC6007048AC /* Resources */ = {
			isa = PBXResourcesBuildPhase;
			buildActionMask = 2147483647;
			files = (
				3996852023FE899700208EA3 /* User profile img.jpg in Resources */,
				39A91027240A59210050BFDC /* Government_logo.jpeg in Resources */,
				39FA37DC23FE6686007048AC /* touch-id_img.png in Resources */,
				39FA37DE23FE66B1007048AC /* face-id-img.png in Resources */,
				39A91025240A515D0050BFDC /* Event.jpeg in Resources */,
				39AA90C42405266E00D5FEEE /* add-image.png in Resources */,
				39D8EF962402CED800F38959 /* location.jpg in Resources */,
				39FA37DA23FE667C007048AC /* NIBM-Logo.jpg in Resources */,
				39FA37B023FE4EC7007048AC /* LaunchScreen.storyboard in Resources */,
				39FA37D423FE50D0007048AC /* GoogleService-Info.plist in Resources */,
				39A9102B240A68D70050BFDC /* events_bricks-825x510.jpg in Resources */,
				39A91029240A5AB10050BFDC /* EventElephant.jpg in Resources */,
				39FA37AD23FE4EC7007048AC /* Assets.xcassets in Resources */,
				39FA37AB23FE4EC6007048AC /* Main.storyboard in Resources */,
			);
			runOnlyForDeploymentPostprocessing = 0;
		};
		39FA37B423FE4EC7007048AC /* Resources */ = {
			isa = PBXResourcesBuildPhase;
			buildActionMask = 2147483647;
			files = (
			);
			runOnlyForDeploymentPostprocessing = 0;
		};
		39FA37BF23FE4EC7007048AC /* Resources */ = {
			isa = PBXResourcesBuildPhase;
			buildActionMask = 2147483647;
			files = (
			);
			runOnlyForDeploymentPostprocessing = 0;
		};
/* End PBXResourcesBuildPhase section */

/* Begin PBXShellScriptBuildPhase section */
		0005F51B28971979098A21B9 /* [CP] Check Pods Manifest.lock */ = {
			isa = PBXShellScriptBuildPhase;
			buildActionMask = 2147483647;
			files = (
			);
			inputFileListPaths = (
			);
			inputPaths = (
				"${PODS_PODFILE_DIR_PATH}/Podfile.lock",
				"${PODS_ROOT}/Manifest.lock",
			);
			name = "[CP] Check Pods Manifest.lock";
			outputFileListPaths = (
			);
			outputPaths = (
				"$(DERIVED_FILE_DIR)/Pods-YanikPerera-cobsccomp182p-007-checkManifestLockResult.txt",
			);
			runOnlyForDeploymentPostprocessing = 0;
			shellPath = /bin/sh;
			shellScript = "diff \"${PODS_PODFILE_DIR_PATH}/Podfile.lock\" \"${PODS_ROOT}/Manifest.lock\" > /dev/null\nif [ $? != 0 ] ; then\n    # print error to STDERR\n    echo \"error: The sandbox is not in sync with the Podfile.lock. Run 'pod install' or update your CocoaPods installation.\" >&2\n    exit 1\nfi\n# This output is used by Xcode 'outputs' to avoid re-running this script phase.\necho \"SUCCESS\" > \"${SCRIPT_OUTPUT_FILE_0}\"\n";
			showEnvVarsInLog = 0;
		};
		2B5C189FA9DF8F5356476C56 /* [CP] Check Pods Manifest.lock */ = {
			isa = PBXShellScriptBuildPhase;
			buildActionMask = 2147483647;
			files = (
			);
			inputFileListPaths = (
			);
			inputPaths = (
				"${PODS_PODFILE_DIR_PATH}/Podfile.lock",
				"${PODS_ROOT}/Manifest.lock",
			);
			name = "[CP] Check Pods Manifest.lock";
			outputFileListPaths = (
			);
			outputPaths = (
				"$(DERIVED_FILE_DIR)/Pods-YanikPerera-cobsccomp182p-007-YanikPerera-cobsccomp182p-007UITests-checkManifestLockResult.txt",
			);
			runOnlyForDeploymentPostprocessing = 0;
			shellPath = /bin/sh;
			shellScript = "diff \"${PODS_PODFILE_DIR_PATH}/Podfile.lock\" \"${PODS_ROOT}/Manifest.lock\" > /dev/null\nif [ $? != 0 ] ; then\n    # print error to STDERR\n    echo \"error: The sandbox is not in sync with the Podfile.lock. Run 'pod install' or update your CocoaPods installation.\" >&2\n    exit 1\nfi\n# This output is used by Xcode 'outputs' to avoid re-running this script phase.\necho \"SUCCESS\" > \"${SCRIPT_OUTPUT_FILE_0}\"\n";
			showEnvVarsInLog = 0;
		};
		32D0EED164AB2507FDC33B55 /* [CP] Embed Pods Frameworks */ = {
			isa = PBXShellScriptBuildPhase;
			buildActionMask = 2147483647;
			files = (
			);
			inputFileListPaths = (
				"${PODS_ROOT}/Target Support Files/Pods-YanikPerera-cobsccomp182p-007/Pods-YanikPerera-cobsccomp182p-007-frameworks-${CONFIGURATION}-input-files.xcfilelist",
			);
			name = "[CP] Embed Pods Frameworks";
			outputFileListPaths = (
				"${PODS_ROOT}/Target Support Files/Pods-YanikPerera-cobsccomp182p-007/Pods-YanikPerera-cobsccomp182p-007-frameworks-${CONFIGURATION}-output-files.xcfilelist",
			);
			runOnlyForDeploymentPostprocessing = 0;
			shellPath = /bin/sh;
			shellScript = "\"${PODS_ROOT}/Target Support Files/Pods-YanikPerera-cobsccomp182p-007/Pods-YanikPerera-cobsccomp182p-007-frameworks.sh\"\n";
			showEnvVarsInLog = 0;
		};
		385D2D22136FD063343DDDDC /* [CP] Check Pods Manifest.lock */ = {
			isa = PBXShellScriptBuildPhase;
			buildActionMask = 2147483647;
			files = (
			);
			inputFileListPaths = (
			);
			inputPaths = (
				"${PODS_PODFILE_DIR_PATH}/Podfile.lock",
				"${PODS_ROOT}/Manifest.lock",
			);
			name = "[CP] Check Pods Manifest.lock";
			outputFileListPaths = (
			);
			outputPaths = (
				"$(DERIVED_FILE_DIR)/Pods-YanikPerera-cobsccomp182p-007Tests-checkManifestLockResult.txt",
			);
			runOnlyForDeploymentPostprocessing = 0;
			shellPath = /bin/sh;
			shellScript = "diff \"${PODS_PODFILE_DIR_PATH}/Podfile.lock\" \"${PODS_ROOT}/Manifest.lock\" > /dev/null\nif [ $? != 0 ] ; then\n    # print error to STDERR\n    echo \"error: The sandbox is not in sync with the Podfile.lock. Run 'pod install' or update your CocoaPods installation.\" >&2\n    exit 1\nfi\n# This output is used by Xcode 'outputs' to avoid re-running this script phase.\necho \"SUCCESS\" > \"${SCRIPT_OUTPUT_FILE_0}\"\n";
			showEnvVarsInLog = 0;
		};
		D5711270C8F91A73A0D566BF /* [CP] Embed Pods Frameworks */ = {
			isa = PBXShellScriptBuildPhase;
			buildActionMask = 2147483647;
			files = (
			);
			inputFileListPaths = (
				"${PODS_ROOT}/Target Support Files/Pods-YanikPerera-cobsccomp182p-007-YanikPerera-cobsccomp182p-007UITests/Pods-YanikPerera-cobsccomp182p-007-YanikPerera-cobsccomp182p-007UITests-frameworks-${CONFIGURATION}-input-files.xcfilelist",
			);
			name = "[CP] Embed Pods Frameworks";
			outputFileListPaths = (
				"${PODS_ROOT}/Target Support Files/Pods-YanikPerera-cobsccomp182p-007-YanikPerera-cobsccomp182p-007UITests/Pods-YanikPerera-cobsccomp182p-007-YanikPerera-cobsccomp182p-007UITests-frameworks-${CONFIGURATION}-output-files.xcfilelist",
			);
			runOnlyForDeploymentPostprocessing = 0;
			shellPath = /bin/sh;
			shellScript = "\"${PODS_ROOT}/Target Support Files/Pods-YanikPerera-cobsccomp182p-007-YanikPerera-cobsccomp182p-007UITests/Pods-YanikPerera-cobsccomp182p-007-YanikPerera-cobsccomp182p-007UITests-frameworks.sh\"\n";
			showEnvVarsInLog = 0;
		};
/* End PBXShellScriptBuildPhase section */

/* Begin PBXSourcesBuildPhase section */
		39FA379E23FE4EC6007048AC /* Sources */ = {
			isa = PBXSourcesBuildPhase;
			buildActionMask = 2147483647;
			files = (
				390F9BAA240C0D3B00F1E9CB /* UiTabDefaultViewController.swift in Sources */,
				3996852A23FF071100208EA3 /* UiTabCreateViewController.swift in Sources */,
				39FA37E223FE6D98007048AC /* ValidateFields.swift in Sources */,
				39D8EF9A2402E8E400F38959 /* ArtistModel.swift in Sources */,
				390CAA20240594A1009EE35D /* UiPostsViewController.swift in Sources */,
				3996852623FEEE6B00208EA3 /* UiTabBarHomeViewController.swift in Sources */,
				39AA90C7240586C400D5FEEE /* Event.swift in Sources */,
				39FA37E023FE6D6E007048AC /* AlertFunction.swift in Sources */,
				39FF40622408399B0068FCF8 /* Utility.swift in Sources */,
				3996852823FF066900208EA3 /* UiTabProfileViewController.swift in Sources */,
				3996852223FED86500208EA3 /* UiTabHomeViewController.swift in Sources */,
				3982675624025735000CA21A /* UiEventHomeViewController.swift in Sources */,
				39FA37A823FE4EC6007048AC /* ViewController.swift in Sources */,
				39FA37A623FE4EC6007048AC /* AppDelegate.swift in Sources */,
				39D6755623FF9CB10068D3E3 /* UiUserFTIdViewController.swift in Sources */,
				39AA90CA240587BE00D5FEEE /* EventsTableViewCell.swift in Sources */,
				39FA37E623FE6E45007048AC /* UiUserRegisterViewController.swift in Sources */,
				39FA37E823FE6E63007048AC /* UiUserLoginViewController.swift in Sources */,
				39D8EF982402E76700F38959 /* UiTabHomeTableViewCell.swift in Sources */,
			);
			runOnlyForDeploymentPostprocessing = 0;
		};
		39FA37B223FE4EC7007048AC /* Sources */ = {
			isa = PBXSourcesBuildPhase;
			buildActionMask = 2147483647;
			files = (
				39FA37BB23FE4EC7007048AC /* YanikPerera_cobsccomp182p_007Tests.swift in Sources */,
				39C83013240C25AB001880CE /* ModelUnitTest.swift in Sources */,
			);
			runOnlyForDeploymentPostprocessing = 0;
		};
		39FA37BD23FE4EC7007048AC /* Sources */ = {
			isa = PBXSourcesBuildPhase;
			buildActionMask = 2147483647;
			files = (
				39FA37C623FE4EC7007048AC /* YanikPerera_cobsccomp182p_007UITests.swift in Sources */,
			);
			runOnlyForDeploymentPostprocessing = 0;
		};
/* End PBXSourcesBuildPhase section */

/* Begin PBXTargetDependency section */
		39FA37B823FE4EC7007048AC /* PBXTargetDependency */ = {
			isa = PBXTargetDependency;
			target = 39FA37A123FE4EC6007048AC /* YanikPerera-cobsccomp182p-007 */;
			targetProxy = 39FA37B723FE4EC7007048AC /* PBXContainerItemProxy */;
		};
		39FA37C323FE4EC7007048AC /* PBXTargetDependency */ = {
			isa = PBXTargetDependency;
			target = 39FA37A123FE4EC6007048AC /* YanikPerera-cobsccomp182p-007 */;
			targetProxy = 39FA37C223FE4EC7007048AC /* PBXContainerItemProxy */;
		};
/* End PBXTargetDependency section */

/* Begin PBXVariantGroup section */
		39FA37A923FE4EC6007048AC /* Main.storyboard */ = {
			isa = PBXVariantGroup;
			children = (
				39FA37AA23FE4EC6007048AC /* Base */,
			);
			name = Main.storyboard;
			sourceTree = "<group>";
		};
		39FA37AE23FE4EC7007048AC /* LaunchScreen.storyboard */ = {
			isa = PBXVariantGroup;
			children = (
				39FA37AF23FE4EC7007048AC /* Base */,
			);
			name = LaunchScreen.storyboard;
			sourceTree = "<group>";
		};
/* End PBXVariantGroup section */

/* Begin XCBuildConfiguration section */
		39FA37C823FE4EC7007048AC /* Debug */ = {
			isa = XCBuildConfiguration;
			buildSettings = {
				ALWAYS_SEARCH_USER_PATHS = NO;
				CLANG_ANALYZER_NONNULL = YES;
				CLANG_ANALYZER_NUMBER_OBJECT_CONVERSION = YES_AGGRESSIVE;
				CLANG_CXX_LANGUAGE_STANDARD = "gnu++14";
				CLANG_CXX_LIBRARY = "libc++";
				CLANG_ENABLE_MODULES = YES;
				CLANG_ENABLE_OBJC_ARC = YES;
				CLANG_ENABLE_OBJC_WEAK = YES;
				CLANG_WARN_BLOCK_CAPTURE_AUTORELEASING = YES;
				CLANG_WARN_BOOL_CONVERSION = YES;
				CLANG_WARN_COMMA = YES;
				CLANG_WARN_CONSTANT_CONVERSION = YES;
				CLANG_WARN_DEPRECATED_OBJC_IMPLEMENTATIONS = YES;
				CLANG_WARN_DIRECT_OBJC_ISA_USAGE = YES_ERROR;
				CLANG_WARN_DOCUMENTATION_COMMENTS = YES;
				CLANG_WARN_EMPTY_BODY = YES;
				CLANG_WARN_ENUM_CONVERSION = YES;
				CLANG_WARN_INFINITE_RECURSION = YES;
				CLANG_WARN_INT_CONVERSION = YES;
				CLANG_WARN_NON_LITERAL_NULL_CONVERSION = YES;
				CLANG_WARN_OBJC_IMPLICIT_RETAIN_SELF = YES;
				CLANG_WARN_OBJC_LITERAL_CONVERSION = YES;
				CLANG_WARN_OBJC_ROOT_CLASS = YES_ERROR;
				CLANG_WARN_RANGE_LOOP_ANALYSIS = YES;
				CLANG_WARN_STRICT_PROTOTYPES = YES;
				CLANG_WARN_SUSPICIOUS_MOVE = YES;
				CLANG_WARN_UNGUARDED_AVAILABILITY = YES_AGGRESSIVE;
				CLANG_WARN_UNREACHABLE_CODE = YES;
				CLANG_WARN__DUPLICATE_METHOD_MATCH = YES;
				CODE_SIGN_IDENTITY = "iPhone Developer";
				COPY_PHASE_STRIP = NO;
				DEBUG_INFORMATION_FORMAT = dwarf;
				ENABLE_STRICT_OBJC_MSGSEND = YES;
				ENABLE_TESTABILITY = YES;
				GCC_C_LANGUAGE_STANDARD = gnu11;
				GCC_DYNAMIC_NO_PIC = NO;
				GCC_NO_COMMON_BLOCKS = YES;
				GCC_OPTIMIZATION_LEVEL = 0;
				GCC_PREPROCESSOR_DEFINITIONS = (
					"DEBUG=1",
					"$(inherited)",
				);
				GCC_WARN_64_TO_32_BIT_CONVERSION = YES;
				GCC_WARN_ABOUT_RETURN_TYPE = YES_ERROR;
				GCC_WARN_UNDECLARED_SELECTOR = YES;
				GCC_WARN_UNINITIALIZED_AUTOS = YES_AGGRESSIVE;
				GCC_WARN_UNUSED_FUNCTION = YES;
				GCC_WARN_UNUSED_VARIABLE = YES;
				IPHONEOS_DEPLOYMENT_TARGET = 12.4;
				MTL_ENABLE_DEBUG_INFO = INCLUDE_SOURCE;
				MTL_FAST_MATH = YES;
				ONLY_ACTIVE_ARCH = YES;
				SDKROOT = iphoneos;
				SWIFT_ACTIVE_COMPILATION_CONDITIONS = DEBUG;
				SWIFT_OPTIMIZATION_LEVEL = "-Onone";
			};
			name = Debug;
		};
		39FA37C923FE4EC7007048AC /* Release */ = {
			isa = XCBuildConfiguration;
			buildSettings = {
				ALWAYS_SEARCH_USER_PATHS = NO;
				CLANG_ANALYZER_NONNULL = YES;
				CLANG_ANALYZER_NUMBER_OBJECT_CONVERSION = YES_AGGRESSIVE;
				CLANG_CXX_LANGUAGE_STANDARD = "gnu++14";
				CLANG_CXX_LIBRARY = "libc++";
				CLANG_ENABLE_MODULES = YES;
				CLANG_ENABLE_OBJC_ARC = YES;
				CLANG_ENABLE_OBJC_WEAK = YES;
				CLANG_WARN_BLOCK_CAPTURE_AUTORELEASING = YES;
				CLANG_WARN_BOOL_CONVERSION = YES;
				CLANG_WARN_COMMA = YES;
				CLANG_WARN_CONSTANT_CONVERSION = YES;
				CLANG_WARN_DEPRECATED_OBJC_IMPLEMENTATIONS = YES;
				CLANG_WARN_DIRECT_OBJC_ISA_USAGE = YES_ERROR;
				CLANG_WARN_DOCUMENTATION_COMMENTS = YES;
				CLANG_WARN_EMPTY_BODY = YES;
				CLANG_WARN_ENUM_CONVERSION = YES;
				CLANG_WARN_INFINITE_RECURSION = YES;
				CLANG_WARN_INT_CONVERSION = YES;
				CLANG_WARN_NON_LITERAL_NULL_CONVERSION = YES;
				CLANG_WARN_OBJC_IMPLICIT_RETAIN_SELF = YES;
				CLANG_WARN_OBJC_LITERAL_CONVERSION = YES;
				CLANG_WARN_OBJC_ROOT_CLASS = YES_ERROR;
				CLANG_WARN_RANGE_LOOP_ANALYSIS = YES;
				CLANG_WARN_STRICT_PROTOTYPES = YES;
				CLANG_WARN_SUSPICIOUS_MOVE = YES;
				CLANG_WARN_UNGUARDED_AVAILABILITY = YES_AGGRESSIVE;
				CLANG_WARN_UNREACHABLE_CODE = YES;
				CLANG_WARN__DUPLICATE_METHOD_MATCH = YES;
				CODE_SIGN_IDENTITY = "iPhone Developer";
				COPY_PHASE_STRIP = NO;
				DEBUG_INFORMATION_FORMAT = "dwarf-with-dsym";
				ENABLE_NS_ASSERTIONS = NO;
				ENABLE_STRICT_OBJC_MSGSEND = YES;
				GCC_C_LANGUAGE_STANDARD = gnu11;
				GCC_NO_COMMON_BLOCKS = YES;
				GCC_WARN_64_TO_32_BIT_CONVERSION = YES;
				GCC_WARN_ABOUT_RETURN_TYPE = YES_ERROR;
				GCC_WARN_UNDECLARED_SELECTOR = YES;
				GCC_WARN_UNINITIALIZED_AUTOS = YES_AGGRESSIVE;
				GCC_WARN_UNUSED_FUNCTION = YES;
				GCC_WARN_UNUSED_VARIABLE = YES;
				IPHONEOS_DEPLOYMENT_TARGET = 12.4;
				MTL_ENABLE_DEBUG_INFO = NO;
				MTL_FAST_MATH = YES;
				SDKROOT = iphoneos;
				SWIFT_COMPILATION_MODE = wholemodule;
				SWIFT_OPTIMIZATION_LEVEL = "-O";
				VALIDATE_PRODUCT = YES;
			};
			name = Release;
		};
		39FA37CB23FE4EC7007048AC /* Debug */ = {
			isa = XCBuildConfiguration;
			baseConfigurationReference = D069AB362A287295B52B0553 /* Pods-YanikPerera-cobsccomp182p-007.debug.xcconfig */;
			buildSettings = {
				ASSETCATALOG_COMPILER_APPICON_NAME = "AppIcon-1";
				CODE_SIGN_STYLE = Automatic;
				DEVELOPMENT_TEAM = 59397P39PU;
				INFOPLIST_FILE = "YanikPerera-cobsccomp182p-007/Info.plist";
				LD_RUNPATH_SEARCH_PATHS = (
					"$(inherited)",
					"@executable_path/Frameworks",
				);
				PRODUCT_BUNDLE_IDENTIFIER = "Yanik.YanikPerera-cobsccomp182p-007";
				PRODUCT_NAME = "$(TARGET_NAME)";
				SWIFT_VERSION = 5.0;
				TARGETED_DEVICE_FAMILY = "1,2";
			};
			name = Debug;
		};
		39FA37CC23FE4EC7007048AC /* Release */ = {
			isa = XCBuildConfiguration;
			baseConfigurationReference = 935851D72801132537012D1C /* Pods-YanikPerera-cobsccomp182p-007.release.xcconfig */;
			buildSettings = {
				ASSETCATALOG_COMPILER_APPICON_NAME = "AppIcon-1";
				CODE_SIGN_STYLE = Automatic;
				DEVELOPMENT_TEAM = 59397P39PU;
				INFOPLIST_FILE = "YanikPerera-cobsccomp182p-007/Info.plist";
				LD_RUNPATH_SEARCH_PATHS = (
					"$(inherited)",
					"@executable_path/Frameworks",
				);
				PRODUCT_BUNDLE_IDENTIFIER = "Yanik.YanikPerera-cobsccomp182p-007";
				PRODUCT_NAME = "$(TARGET_NAME)";
				SWIFT_VERSION = 5.0;
				TARGETED_DEVICE_FAMILY = "1,2";
			};
			name = Release;
		};
		39FA37CE23FE4EC7007048AC /* Debug */ = {
			isa = XCBuildConfiguration;
			baseConfigurationReference = ABD85BF55F1E93C40E5C25F4 /* Pods-YanikPerera-cobsccomp182p-007Tests.debug.xcconfig */;
			buildSettings = {
				ALWAYS_EMBED_SWIFT_STANDARD_LIBRARIES = YES;
				BUNDLE_LOADER = "$(TEST_HOST)";
				CODE_SIGN_STYLE = Automatic;
				DEVELOPMENT_TEAM = 59397P39PU;
				INFOPLIST_FILE = "YanikPerera-cobsccomp182p-007Tests/Info.plist";
				LD_RUNPATH_SEARCH_PATHS = (
					"$(inherited)",
					"@executable_path/Frameworks",
					"@loader_path/Frameworks",
				);
				PRODUCT_BUNDLE_IDENTIFIER = "Yanik.YanikPerera-cobsccomp182p-007Tests";
				PRODUCT_NAME = "$(TARGET_NAME)";
				SWIFT_VERSION = 5.0;
				TARGETED_DEVICE_FAMILY = "1,2";
				TEST_HOST = "$(BUILT_PRODUCTS_DIR)/YanikPerera-cobsccomp182p-007.app/YanikPerera-cobsccomp182p-007";
			};
			name = Debug;
		};
		39FA37CF23FE4EC7007048AC /* Release */ = {
			isa = XCBuildConfiguration;
			baseConfigurationReference = F1A03C44D59F559C219A7E3A /* Pods-YanikPerera-cobsccomp182p-007Tests.release.xcconfig */;
			buildSettings = {
				ALWAYS_EMBED_SWIFT_STANDARD_LIBRARIES = YES;
				BUNDLE_LOADER = "$(TEST_HOST)";
				CODE_SIGN_STYLE = Automatic;
				DEVELOPMENT_TEAM = 59397P39PU;
				INFOPLIST_FILE = "YanikPerera-cobsccomp182p-007Tests/Info.plist";
				LD_RUNPATH_SEARCH_PATHS = (
					"$(inherited)",
					"@executable_path/Frameworks",
					"@loader_path/Frameworks",
				);
				PRODUCT_BUNDLE_IDENTIFIER = "Yanik.YanikPerera-cobsccomp182p-007Tests";
				PRODUCT_NAME = "$(TARGET_NAME)";
				SWIFT_VERSION = 5.0;
				TARGETED_DEVICE_FAMILY = "1,2";
				TEST_HOST = "$(BUILT_PRODUCTS_DIR)/YanikPerera-cobsccomp182p-007.app/YanikPerera-cobsccomp182p-007";
			};
			name = Release;
		};
		39FA37D123FE4EC7007048AC /* Debug */ = {
			isa = XCBuildConfiguration;
			baseConfigurationReference = E88B40CD21D399885943ED58 /* Pods-YanikPerera-cobsccomp182p-007-YanikPerera-cobsccomp182p-007UITests.debug.xcconfig */;
			buildSettings = {
				ALWAYS_EMBED_SWIFT_STANDARD_LIBRARIES = YES;
				CODE_SIGN_STYLE = Automatic;
				DEVELOPMENT_TEAM = 59397P39PU;
				INFOPLIST_FILE = "YanikPerera-cobsccomp182p-007UITests/Info.plist";
				LD_RUNPATH_SEARCH_PATHS = (
					"$(inherited)",
					"@executable_path/Frameworks",
					"@loader_path/Frameworks",
				);
				PRODUCT_BUNDLE_IDENTIFIER = "Yanik.YanikPerera-cobsccomp182p-007UITests";
				PRODUCT_NAME = "$(TARGET_NAME)";
				SWIFT_VERSION = 5.0;
				TARGETED_DEVICE_FAMILY = "1,2";
				TEST_TARGET_NAME = "YanikPerera-cobsccomp182p-007";
			};
			name = Debug;
		};
		39FA37D223FE4EC7007048AC /* Release */ = {
			isa = XCBuildConfiguration;
			baseConfigurationReference = 23FFFED57F720379BE0C00C7 /* Pods-YanikPerera-cobsccomp182p-007-YanikPerera-cobsccomp182p-007UITests.release.xcconfig */;
			buildSettings = {
				ALWAYS_EMBED_SWIFT_STANDARD_LIBRARIES = YES;
				CODE_SIGN_STYLE = Automatic;
				DEVELOPMENT_TEAM = 59397P39PU;
				INFOPLIST_FILE = "YanikPerera-cobsccomp182p-007UITests/Info.plist";
				LD_RUNPATH_SEARCH_PATHS = (
					"$(inherited)",
					"@executable_path/Frameworks",
					"@loader_path/Frameworks",
				);
				PRODUCT_BUNDLE_IDENTIFIER = "Yanik.YanikPerera-cobsccomp182p-007UITests";
				PRODUCT_NAME = "$(TARGET_NAME)";
				SWIFT_VERSION = 5.0;
				TARGETED_DEVICE_FAMILY = "1,2";
				TEST_TARGET_NAME = "YanikPerera-cobsccomp182p-007";
			};
			name = Release;
		};
/* End XCBuildConfiguration section */

/* Begin XCConfigurationList section */
		39FA379D23FE4EC6007048AC /* Build configuration list for PBXProject "YanikPerera-cobsccomp182p-007" */ = {
			isa = XCConfigurationList;
			buildConfigurations = (
				39FA37C823FE4EC7007048AC /* Debug */,
				39FA37C923FE4EC7007048AC /* Release */,
			);
			defaultConfigurationIsVisible = 0;
			defaultConfigurationName = Release;
		};
		39FA37CA23FE4EC7007048AC /* Build configuration list for PBXNativeTarget "YanikPerera-cobsccomp182p-007" */ = {
			isa = XCConfigurationList;
			buildConfigurations = (
				39FA37CB23FE4EC7007048AC /* Debug */,
				39FA37CC23FE4EC7007048AC /* Release */,
			);
			defaultConfigurationIsVisible = 0;
			defaultConfigurationName = Release;
		};
		39FA37CD23FE4EC7007048AC /* Build configuration list for PBXNativeTarget "YanikPerera-cobsccomp182p-007Tests" */ = {
			isa = XCConfigurationList;
			buildConfigurations = (
				39FA37CE23FE4EC7007048AC /* Debug */,
				39FA37CF23FE4EC7007048AC /* Release */,
			);
			defaultConfigurationIsVisible = 0;
			defaultConfigurationName = Release;
		};
		39FA37D023FE4EC7007048AC /* Build configuration list for PBXNativeTarget "YanikPerera-cobsccomp182p-007UITests" */ = {
			isa = XCConfigurationList;
			buildConfigurations = (
				39FA37D123FE4EC7007048AC /* Debug */,
				39FA37D223FE4EC7007048AC /* Release */,
			);
			defaultConfigurationIsVisible = 0;
			defaultConfigurationName = Release;
		};
/* End XCConfigurationList section */
	};
	rootObject = 39FA379A23FE4EC6007048AC /* Project object */;
}
